
Microsoft Visual Studio Solution File, Format Version 12.00
# Visual Studio Version 16
VisualStudioVersion = 16.0.31205.134
MinimumVisualStudioVersion = 10.0.40219.1
Project("{FAE04EC0-301F-11D3-BF4B-00C04F79EFBC}") = "GrafGry", "GrafGry.csproj", "{BD0315F7-2A98-41F6-8F94-5E6A717A8B01}"
EndProject
Global
	GlobalSection(SolutionConfigurationPlatforms) = preSolution
		Debug|Any CPU = Debug|Any CPU
		Release|Any CPU = Release|Any CPU
	EndGlobalSection
	GlobalSection(ProjectConfigurationPlatforms) = postSolution
		{BD0315F7-2A98-41F6-8F94-5E6A717A8B01}.Debug|Any CPU.ActiveCfg = Debug|Any CPU
		{BD0315F7-2A98-41F6-8F94-5E6A717A8B01}.Debug|Any CPU.Build.0 = Debug|Any CPU
		{BD0315F7-2A98-41F6-8F94-5E6A717A8B01}.Release|Any CPU.ActiveCfg = Release|Any CPU
		{BD0315F7-2A98-41F6-8F94-5E6A717A8B01}.Release|Any CPU.Build.0 = Release|Any CPU
	EndGlobalSection
	GlobalSection(SolutionProperties) = preSolution
		HideSolutionNode = FALSE
	EndGlobalSection
	GlobalSection(ExtensibilityGlobals) = postSolution
		SolutionGuid = {D773C764-1F26-49C0-AE8D-C78320992769}
	EndGlobalSection
EndGlobal
